
Microsoft Visual Studio Solution File, Format Version 12.00
# Visual Studio Version 16
VisualStudioVersion = 16.0.30517.126
MinimumVisualStudioVersion = 10.0.40219.1
Project("{FAE04EC0-301F-11D3-BF4B-00C04F79EFBC}") = "Milestone1", "Milestone1\Milestone1.csproj", "{FEF99907-2F67-4AE5-96FF-EF5C4E853029}"
EndProject
Global
	GlobalSection(SolutionConfigurationPlatforms) = preSolution
		Debug|Any CPU = Debug|Any CPU
		Release|Any CPU = Release|Any CPU
	EndGlobalSection
	GlobalSection(ProjectConfigurationPlatforms) = postSolution
		{FEF99907-2F67-4AE5-96FF-EF5C4E853029}.Debug|Any CPU.ActiveCfg = Debug|Any CPU
		{FEF99907-2F67-4AE5-96FF-EF5C4E853029}.Debug|Any CPU.Build.0 = Debug|Any CPU
		{FEF99907-2F67-4AE5-96FF-EF5C4E853029}.Release|Any CPU.ActiveCfg = Release|Any CPU
		{FEF99907-2F67-4AE5-96FF-EF5C4E853029}.Release|Any CPU.Build.0 = Release|Any CPU
	EndGlobalSection
	GlobalSection(SolutionProperties) = preSolution
		HideSolutionNode = FALSE
	EndGlobalSection
	GlobalSection(ExtensibilityGlobals) = postSolution
		SolutionGuid = {6D5C306D-1841-4EB6-9285-345AB83CABE2}
	EndGlobalSection
EndGlobal
