
Microsoft Visual Studio Solution File, Format Version 12.00
# Visual Studio Version 16
VisualStudioVersion = 16.0.30517.126
MinimumVisualStudioVersion = 10.0.40219.1
Project("{FAE04EC0-301F-11D3-BF4B-00C04F79EFBC}") = "ExceptionHandling", "ExceptionHandling\ExceptionHandling.csproj", "{C34EF181-2BA4-41CC-9D6B-9A15E3ED6F55}"
EndProject
Global
	GlobalSection(SolutionConfigurationPlatforms) = preSolution
		Debug|Any CPU = Debug|Any CPU
		Release|Any CPU = Release|Any CPU
	EndGlobalSection
	GlobalSection(ProjectConfigurationPlatforms) = postSolution
		{C34EF181-2BA4-41CC-9D6B-9A15E3ED6F55}.Debug|Any CPU.ActiveCfg = Debug|Any CPU
		{C34EF181-2BA4-41CC-9D6B-9A15E3ED6F55}.Debug|Any CPU.Build.0 = Debug|Any CPU
		{C34EF181-2BA4-41CC-9D6B-9A15E3ED6F55}.Release|Any CPU.ActiveCfg = Release|Any CPU
		{C34EF181-2BA4-41CC-9D6B-9A15E3ED6F55}.Release|Any CPU.Build.0 = Release|Any CPU
	EndGlobalSection
	GlobalSection(SolutionProperties) = preSolution
		HideSolutionNode = FALSE
	EndGlobalSection
	GlobalSection(ExtensibilityGlobals) = postSolution
		SolutionGuid = {2365BEE1-BDDB-4F1D-B3CA-8822C91D12B5}
	EndGlobalSection
EndGlobal
